
Microsoft Visual Studio Solution File, Format Version 12.00
# Visual Studio Version 17
VisualStudioVersion = 17.0.31903.59
MinimumVisualStudioVersion = 10.0.40219.1
Project("{FAE04EC0-301F-11D3-BF4B-00C04F79EFBC}") = "TaskManager.Presentation", "TaskManager.Presentation\TaskManager.Presentation.csproj", "{78519D81-7DFF-41D2-B3FB-91AC2D4E7DBE}"
EndProject
Project("{FAE04EC0-301F-11D3-BF4B-00C04F79EFBC}") = "TaskManager.Business", "TaskManager.Business\TaskManager.Business.csproj", "{196ADE4A-32F2-4087-84EB-973AC1912944}"
EndProject
Project("{FAE04EC0-301F-11D3-BF4B-00C04F79EFBC}") = "TaskManager.Persistence", "TaskManager.Persistence\TaskManager.Persistence.csproj", "{868D6FBA-1B85-49B6-9CC3-F3CDD57BA19A}"
EndProject
Global
	GlobalSection(SolutionConfigurationPlatforms) = preSolution
		Debug|Any CPU = Debug|Any CPU
		Debug|x64 = Debug|x64
		Debug|x86 = Debug|x86
		Release|Any CPU = Release|Any CPU
		Release|x64 = Release|x64
		Release|x86 = Release|x86
	EndGlobalSection
	GlobalSection(ProjectConfigurationPlatforms) = postSolution
		{78519D81-7DFF-41D2-B3FB-91AC2D4E7DBE}.Debug|Any CPU.ActiveCfg = Debug|Any CPU
		{78519D81-7DFF-41D2-B3FB-91AC2D4E7DBE}.Debug|Any CPU.Build.0 = Debug|Any CPU
		{78519D81-7DFF-41D2-B3FB-91AC2D4E7DBE}.Debug|x64.ActiveCfg = Debug|Any CPU
		{78519D81-7DFF-41D2-B3FB-91AC2D4E7DBE}.Debug|x64.Build.0 = Debug|Any CPU
		{78519D81-7DFF-41D2-B3FB-91AC2D4E7DBE}.Debug|x86.ActiveCfg = Debug|Any CPU
		{78519D81-7DFF-41D2-B3FB-91AC2D4E7DBE}.Debug|x86.Build.0 = Debug|Any CPU
		{78519D81-7DFF-41D2-B3FB-91AC2D4E7DBE}.Release|Any CPU.ActiveCfg = Release|Any CPU
		{78519D81-7DFF-41D2-B3FB-91AC2D4E7DBE}.Release|Any CPU.Build.0 = Release|Any CPU
		{78519D81-7DFF-41D2-B3FB-91AC2D4E7DBE}.Release|x64.ActiveCfg = Release|Any CPU
		{78519D81-7DFF-41D2-B3FB-91AC2D4E7DBE}.Release|x64.Build.0 = Release|Any CPU
		{78519D81-7DFF-41D2-B3FB-91AC2D4E7DBE}.Release|x86.ActiveCfg = Release|Any CPU
		{78519D81-7DFF-41D2-B3FB-91AC2D4E7DBE}.Release|x86.Build.0 = Release|Any CPU
		{196ADE4A-32F2-4087-84EB-973AC1912944}.Debug|Any CPU.ActiveCfg = Debug|Any CPU
		{196ADE4A-32F2-4087-84EB-973AC1912944}.Debug|Any CPU.Build.0 = Debug|Any CPU
		{196ADE4A-32F2-4087-84EB-973AC1912944}.Debug|x64.ActiveCfg = Debug|Any CPU
		{196ADE4A-32F2-4087-84EB-973AC1912944}.Debug|x64.Build.0 = Debug|Any CPU
		{196ADE4A-32F2-4087-84EB-973AC1912944}.Debug|x86.ActiveCfg = Debug|Any CPU
		{196ADE4A-32F2-4087-84EB-973AC1912944}.Debug|x86.Build.0 = Debug|Any CPU
		{196ADE4A-32F2-4087-84EB-973AC1912944}.Release|Any CPU.ActiveCfg = Release|Any CPU
		{196ADE4A-32F2-4087-84EB-973AC1912944}.Release|Any CPU.Build.0 = Release|Any CPU
		{196ADE4A-32F2-4087-84EB-973AC1912944}.Release|x64.ActiveCfg = Release|Any CPU
		{196ADE4A-32F2-4087-84EB-973AC1912944}.Release|x64.Build.0 = Release|Any CPU
		{196ADE4A-32F2-4087-84EB-973AC1912944}.Release|x86.ActiveCfg = Release|Any CPU
		{196ADE4A-32F2-4087-84EB-973AC1912944}.Release|x86.Build.0 = Release|Any CPU
		{868D6FBA-1B85-49B6-9CC3-F3CDD57BA19A}.Debug|Any CPU.ActiveCfg = Debug|Any CPU
		{868D6FBA-1B85-49B6-9CC3-F3CDD57BA19A}.Debug|Any CPU.Build.0 = Debug|Any CPU
		{868D6FBA-1B85-49B6-9CC3-F3CDD57BA19A}.Debug|x64.ActiveCfg = Debug|Any CPU
		{868D6FBA-1B85-49B6-9CC3-F3CDD57BA19A}.Debug|x64.Build.0 = Debug|Any CPU
		{868D6FBA-1B85-49B6-9CC3-F3CDD57BA19A}.Debug|x86.ActiveCfg = Debug|Any CPU
		{868D6FBA-1B85-49B6-9CC3-F3CDD57BA19A}.Debug|x86.Build.0 = Debug|Any CPU
		{868D6FBA-1B85-49B6-9CC3-F3CDD57BA19A}.Release|Any CPU.ActiveCfg = Release|Any CPU
		{868D6FBA-1B85-49B6-9CC3-F3CDD57BA19A}.Release|Any CPU.Build.0 = Release|Any CPU
		{868D6FBA-1B85-49B6-9CC3-F3CDD57BA19A}.Release|x64.ActiveCfg = Release|Any CPU
		{868D6FBA-1B85-49B6-9CC3-F3CDD57BA19A}.Release|x64.Build.0 = Release|Any CPU
		{868D6FBA-1B85-49B6-9CC3-F3CDD57BA19A}.Release|x86.ActiveCfg = Release|Any CPU
		{868D6FBA-1B85-49B6-9CC3-F3CDD57BA19A}.Release|x86.Build.0 = Release|Any CPU
	EndGlobalSection
	GlobalSection(SolutionProperties) = preSolution
		HideSolutionNode = FALSE
	EndGlobalSection
EndGlobal
